// !$*UTF8*$!
{
	archiveVersion = 1;
	classes = {
	};
	objectVersion = 46;
	objects = {

/* Begin PBXBuildFile section */
		1D3623260D0F684500981E51 /* C_AnimeAppDelegate.m in Sources */ = {isa = PBXBuildFile; fileRef = 1D3623250D0F684500981E51 /* C_AnimeAppDelegate.m */; };
		1D60589B0D05DD56006BFB54 /* main.m in Sources */ = {isa = PBXBuildFile; fileRef = 29B97316FDCFA39411CA2CEA /* main.m */; };
		1D60589F0D05DD5A006BFB54 /* Foundation.framework in Frameworks */ = {isa = PBXBuildFile; fileRef = 1D30AB110D05D00D00671497 /* Foundation.framework */; };
		1DF5F4E00D08C38300B7A737 /* UIKit.framework in Frameworks */ = {isa = PBXBuildFile; fileRef = 1DF5F4DF0D08C38300B7A737 /* UIKit.framework */; };
		280E754D0DD40C5E005A515E /* FlipsideView.xib in Resources */ = {isa = PBXBuildFile; fileRef = 280E754A0DD40C5E005A515E /* FlipsideView.xib */; };
		280E754E0DD40C5E005A515E /* MainView.xib in Resources */ = {isa = PBXBuildFile; fileRef = 280E754B0DD40C5E005A515E /* MainView.xib */; };
		280E754F0DD40C5E005A515E /* MainWindow.xib in Resources */ = {isa = PBXBuildFile; fileRef = 280E754C0DD40C5E005A515E /* MainWindow.xib */; };
		288765590DF743DE002DB57D /* CoreGraphics.framework in Frameworks */ = {isa = PBXBuildFile; fileRef = 288765580DF743DE002DB57D /* CoreGraphics.framework */; };
		289233AE0DB2D0DB0083E9F9 /* MainViewController.m in Sources */ = {isa = PBXBuildFile; fileRef = 289233A90DB2D0DB0083E9F9 /* MainViewController.m */; };
		289233B00DB2D0DB0083E9F9 /* FlipsideViewController.m in Sources */ = {isa = PBXBuildFile; fileRef = 289233AD0DB2D0DB0083E9F9 /* FlipsideViewController.m */; };
		CFD1DB5013B5AE0B008B9345 /* kimimaro_bg.png in Resources */ = {isa = PBXBuildFile; fileRef = CFD1DB4C13B5AE0B008B9345 /* kimimaro_bg.png */; };
		CFD1DB5113B5AE0B008B9345 /* kimimaro_center.png in Resources */ = {isa = PBXBuildFile; fileRef = CFD1DB4D13B5AE0B008B9345 /* kimimaro_center.png */; };
		CFD1DB5213B5AE0B008B9345 /* mikuni_bg.png in Resources */ = {isa = PBXBuildFile; fileRef = CFD1DB4E13B5AE0B008B9345 /* mikuni_bg.png */; };
		CFD1DB5313B5AE0B008B9345 /* mikuni_center.png in Resources */ = {isa = PBXBuildFile; fileRef = CFD1DB4F13B5AE0B008B9345 /* mikuni_center.png */; };
		CFD1DBAE13B5B773008B9345 /* QuartzCore.framework in Frameworks */ = {isa = PBXBuildFile; fileRef = CFD1DBAD13B5B773008B9345 /* QuartzCore.framework */; };
		CFD1DC7713B5C0B0008B9345 /* AudioToolbox.framework in Frameworks */ = {isa = PBXBuildFile; fileRef = CFD1DC7613B5C0B0008B9345 /* AudioToolbox.framework */; };
		CFD1DC7D13B5C1F2008B9345 /* kimimaro1.wav in Resources */ = {isa = PBXBuildFile; fileRef = CFD1DC7C13B5C1F2008B9345 /* kimimaro1.wav */; };
		CFD1DC8B13B5D2F2008B9345 /* kimimaro2.wav in Resources */ = {isa = PBXBuildFile; fileRef = CFD1DC8313B5D2F2008B9345 /* kimimaro2.wav */; };
		CFD1DC8C13B5D2F2008B9345 /* kimimaro3.wav in Resources */ = {isa = PBXBuildFile; fileRef = CFD1DC8413B5D2F2008B9345 /* kimimaro3.wav */; };
		CFD1DC8D13B5D2F2008B9345 /* mikuni1.wav in Resources */ = {isa = PBXBuildFile; fileRef = CFD1DC8513B5D2F2008B9345 /* mikuni1.wav */; };
		CFD1DC8E13B5D2F2008B9345 /* mikuni2.wav in Resources */ = {isa = PBXBuildFile; fileRef = CFD1DC8613B5D2F2008B9345 /* mikuni2.wav */; };
		CFD1DC8F13B5D2F2008B9345 /* mikuni3.wav in Resources */ = {isa = PBXBuildFile; fileRef = CFD1DC8713B5D2F2008B9345 /* mikuni3.wav */; };
		CFD1DC9013B5D2F2008B9345 /* mikuni4.wav in Resources */ = {isa = PBXBuildFile; fileRef = CFD1DC8813B5D2F2008B9345 /* mikuni4.wav */; };
		CFD1DC9113B5D2F2008B9345 /* satou1.wav in Resources */ = {isa = PBXBuildFile; fileRef = CFD1DC8913B5D2F2008B9345 /* satou1.wav */; };
		CFD1DC9213B5D2F2008B9345 /* satou2.wav in Resources */ = {isa = PBXBuildFile; fileRef = CFD1DC8A13B5D2F2008B9345 /* satou2.wav */; };
		CFD1DCAD13B5D80F008B9345 /* satou_bg.png in Resources */ = {isa = PBXBuildFile; fileRef = CFD1DCAB13B5D80F008B9345 /* satou_bg.png */; };
		CFD1DCAE13B5D80F008B9345 /* satou_center.png in Resources */ = {isa = PBXBuildFile; fileRef = CFD1DCAC13B5D80F008B9345 /* satou_center.png */; };
/* End PBXBuildFile section */

/* Begin PBXFileReference section */
		1D30AB110D05D00D00671497 /* Foundation.framework */ = {isa = PBXFileReference; lastKnownFileType = wrapper.framework; name = Foundation.framework; path = System/Library/Frameworks/Foundation.framework; sourceTree = SDKROOT; };
		1D3623240D0F684500981E51 /* C_AnimeAppDelegate.h */ = {isa = PBXFileReference; fileEncoding = 4; lastKnownFileType = sourcecode.c.h; path = C_AnimeAppDelegate.h; sourceTree = "<group>"; };
		1D3623250D0F684500981E51 /* C_AnimeAppDelegate.m */ = {isa = PBXFileReference; fileEncoding = 4; lastKnownFileType = sourcecode.c.objc; path = C_AnimeAppDelegate.m; sourceTree = "<group>"; };
		1D6058910D05DD3D006BFB54 /* C_Anime.app */ = {isa = PBXFileReference; explicitFileType = wrapper.application; includeInIndex = 0; path = C_Anime.app; sourceTree = BUILT_PRODUCTS_DIR; };
		1DF5F4DF0D08C38300B7A737 /* UIKit.framework */ = {isa = PBXFileReference; lastKnownFileType = wrapper.framework; name = UIKit.framework; path = System/Library/Frameworks/UIKit.framework; sourceTree = SDKROOT; };
		280E754A0DD40C5E005A515E /* FlipsideView.xib */ = {isa = PBXFileReference; lastKnownFileType = file.xib; path = FlipsideView.xib; sourceTree = "<group>"; };
		280E754B0DD40C5E005A515E /* MainView.xib */ = {isa = PBXFileReference; lastKnownFileType = file.xib; path = MainView.xib; sourceTree = "<group>"; };
		280E754C0DD40C5E005A515E /* MainWindow.xib */ = {isa = PBXFileReference; lastKnownFileType = file.xib; path = MainWindow.xib; sourceTree = "<group>"; };
		288765580DF743DE002DB57D /* CoreGraphics.framework */ = {isa = PBXFileReference; lastKnownFileType = wrapper.framework; name = CoreGraphics.framework; path = System/Library/Frameworks/CoreGraphics.framework; sourceTree = SDKROOT; };
		289233A80DB2D0DB0083E9F9 /* MainViewController.h */ = {isa = PBXFileReference; fileEncoding = 4; lastKnownFileType = sourcecode.c.h; name = MainViewController.h; path = Classes/MainViewController.h; sourceTree = "<group>"; };
		289233A90DB2D0DB0083E9F9 /* MainViewController.m */ = {isa = PBXFileReference; fileEncoding = 4; lastKnownFileType = sourcecode.c.objc; name = MainViewController.m; path = Classes/MainViewController.m; sourceTree = "<group>"; };
		289233AC0DB2D0DB0083E9F9 /* FlipsideViewController.h */ = {isa = PBXFileReference; fileEncoding = 4; lastKnownFileType = sourcecode.c.h; name = FlipsideViewController.h; path = Classes/FlipsideViewController.h; sourceTree = "<group>"; };
		289233AD0DB2D0DB0083E9F9 /* FlipsideViewController.m */ = {isa = PBXFileReference; fileEncoding = 4; lastKnownFileType = sourcecode.c.objc; name = FlipsideViewController.m; path = Classes/FlipsideViewController.m; sourceTree = "<group>"; };
		29B97316FDCFA39411CA2CEA /* main.m */ = {isa = PBXFileReference; fileEncoding = 4; lastKnownFileType = sourcecode.c.objc; path = main.m; sourceTree = "<group>"; };
		32CA4F630368D1EE00C91783 /* C_Anime_Prefix.pch */ = {isa = PBXFileReference; fileEncoding = 4; lastKnownFileType = sourcecode.c.h; path = C_Anime_Prefix.pch; sourceTree = "<group>"; };
		8D1107310486CEB800E47090 /* C_Anime-Info.plist */ = {isa = PBXFileReference; fileEncoding = 4; lastKnownFileType = text.plist.xml; path = "C_Anime-Info.plist"; plistStructureDefinitionIdentifier = "com.apple.xcode.plist.structure-definition.iphone.info-plist"; sourceTree = "<group>"; };
		CFD1DB4C13B5AE0B008B9345 /* kimimaro_bg.png */ = {isa = PBXFileReference; lastKnownFileType = image.png; path = kimimaro_bg.png; sourceTree = "<group>"; };
		CFD1DB4D13B5AE0B008B9345 /* kimimaro_center.png */ = {isa = PBXFileReference; lastKnownFileType = image.png; path = kimimaro_center.png; sourceTree = "<group>"; };
		CFD1DB4E13B5AE0B008B9345 /* mikuni_bg.png */ = {isa = PBXFileReference; lastKnownFileType = image.png; path = mikuni_bg.png; sourceTree = "<group>"; };
		CFD1DB4F13B5AE0B008B9345 /* mikuni_center.png */ = {isa = PBXFileReference; lastKnownFileType = image.png; path = mikuni_center.png; sourceTree = "<group>"; };
		CFD1DBAD13B5B773008B9345 /* QuartzCore.framework */ = {isa = PBXFileReference; lastKnownFileType = wrapper.framework; name = QuartzCore.framework; path = System/Library/Frameworks/QuartzCore.framework; sourceTree = SDKROOT; };
		CFD1DC7613B5C0B0008B9345 /* AudioToolbox.framework */ = {isa = PBXFileReference; lastKnownFileType = wrapper.framework; name = AudioToolbox.framework; path = System/Library/Frameworks/AudioToolbox.framework; sourceTree = SDKROOT; };
		CFD1DC7C13B5C1F2008B9345 /* kimimaro1.wav */ = {isa = PBXFileReference; lastKnownFileType = audio.wav; path = kimimaro1.wav; sourceTree = "<group>"; };
		CFD1DC8313B5D2F2008B9345 /* kimimaro2.wav */ = {isa = PBXFileReference; lastKnownFileType = audio.wav; path = kimimaro2.wav; sourceTree = "<group>"; };
		CFD1DC8413B5D2F2008B9345 /* kimimaro3.wav */ = {isa = PBXFileReference; lastKnownFileType = audio.wav; path = kimimaro3.wav; sourceTree = "<group>"; };
		CFD1DC8513B5D2F2008B9345 /* mikuni1.wav */ = {isa = PBXFileReference; lastKnownFileType = audio.wav; path = mikuni1.wav; sourceTree = "<group>"; };
		CFD1DC8613B5D2F2008B9345 /* mikuni2.wav */ = {isa = PBXFileReference; lastKnownFileType = audio.wav; path = mikuni2.wav; sourceTree = "<group>"; };
		CFD1DC8713B5D2F2008B9345 /* mikuni3.wav */ = {isa = PBXFileReference; lastKnownFileType = audio.wav; path = mikuni3.wav; sourceTree = "<group>"; };
		CFD1DC8813B5D2F2008B9345 /* mikuni4.wav */ = {isa = PBXFileReference; lastKnownFileType = audio.wav; path = mikuni4.wav; sourceTree = "<group>"; };
		CFD1DC8913B5D2F2008B9345 /* satou1.wav */ = {isa = PBXFileReference; lastKnownFileType = audio.wav; path = satou1.wav; sourceTree = "<group>"; };
		CFD1DC8A13B5D2F2008B9345 /* satou2.wav */ = {isa = PBXFileReference; lastKnownFileType = audio.wav; path = satou2.wav; sourceTree = "<group>"; };
		CFD1DCAB13B5D80F008B9345 /* satou_bg.png */ = {isa = PBXFileReference; lastKnownFileType = image.png; path = satou_bg.png; sourceTree = "<group>"; };
		CFD1DCAC13B5D80F008B9345 /* satou_center.png */ = {isa = PBXFileReference; lastKnownFileType = image.png; path = satou_center.png; sourceTree = "<group>"; };
/* End PBXFileReference section */

/* Begin PBXFrameworksBuildPhase section */
		1D60588F0D05DD3D006BFB54 /* Frameworks */ = {
			isa = PBXFrameworksBuildPhase;
			buildActionMask = 2147483647;
			files = (
				1D60589F0D05DD5A006BFB54 /* Foundation.framework in Frameworks */,
				1DF5F4E00D08C38300B7A737 /* UIKit.framework in Frameworks */,
				288765590DF743DE002DB57D /* CoreGraphics.framework in Frameworks */,
				CFD1DBAE13B5B773008B9345 /* QuartzCore.framework in Frameworks */,
				CFD1DC7713B5C0B0008B9345 /* AudioToolbox.framework in Frameworks */,
			);
			runOnlyForDeploymentPostprocessing = 0;
		};
/* End PBXFrameworksBuildPhase section */

/* Begin PBXGroup section */
		080E96DDFE201D6D7F000001 /* Application Delegate */ = {
			isa = PBXGroup;
			children = (
				1D3623240D0F684500981E51 /* C_AnimeAppDelegate.h */,
				1D3623250D0F684500981E51 /* C_AnimeAppDelegate.m */,
			);
			name = "Application Delegate";
			path = Classes;
			sourceTree = "<group>";
		};
		19C28FACFE9D520D11CA2CBB /* Products */ = {
			isa = PBXGroup;
			children = (
				1D6058910D05DD3D006BFB54 /* C_Anime.app */,
			);
			name = Products;
			sourceTree = "<group>";
		};
		281C6CD70DB2D82200F60ACC /* Flipside View */ = {
			isa = PBXGroup;
			children = (
				289233AC0DB2D0DB0083E9F9 /* FlipsideViewController.h */,
				289233AD0DB2D0DB0083E9F9 /* FlipsideViewController.m */,
				280E754A0DD40C5E005A515E /* FlipsideView.xib */,
			);
			name = "Flipside View";
			sourceTree = "<group>";
		};
		289233A00DB2D0730083E9F9 /* Main View */ = {
			isa = PBXGroup;
			children = (
				289233A80DB2D0DB0083E9F9 /* MainViewController.h */,
				289233A90DB2D0DB0083E9F9 /* MainViewController.m */,
				280E754B0DD40C5E005A515E /* MainView.xib */,
			);
			name = "Main View";
			sourceTree = "<group>";
		};
		29B97314FDCFA39411CA2CEA /* CustomTemplate */ = {
			isa = PBXGroup;
			children = (
				289233A00DB2D0730083E9F9 /* Main View */,
				281C6CD70DB2D82200F60ACC /* Flipside View */,
				080E96DDFE201D6D7F000001 /* Application Delegate */,
				29B97315FDCFA39411CA2CEA /* Other Sources */,
				29B97317FDCFA39411CA2CEA /* Resources */,
				29B97323FDCFA39411CA2CEA /* Frameworks */,
				19C28FACFE9D520D11CA2CBB /* Products */,
				CFD1DC7613B5C0B0008B9345 /* AudioToolbox.framework */,
			);
			name = CustomTemplate;
			sourceTree = "<group>";
		};
		29B97315FDCFA39411CA2CEA /* Other Sources */ = {
			isa = PBXGroup;
			children = (
				32CA4F630368D1EE00C91783 /* C_Anime_Prefix.pch */,
				29B97316FDCFA39411CA2CEA /* main.m */,
			);
			name = "Other Sources";
			sourceTree = "<group>";
		};
		29B97317FDCFA39411CA2CEA /* Resources */ = {
			isa = PBXGroup;
			children = (
				CFD1DC7C13B5C1F2008B9345 /* kimimaro1.wav */,
				CFD1DC8313B5D2F2008B9345 /* kimimaro2.wav */,
				CFD1DC8413B5D2F2008B9345 /* kimimaro3.wav */,
				CFD1DC8513B5D2F2008B9345 /* mikuni1.wav */,
				CFD1DC8613B5D2F2008B9345 /* mikuni2.wav */,
				CFD1DC8713B5D2F2008B9345 /* mikuni3.wav */,
				CFD1DC8813B5D2F2008B9345 /* mikuni4.wav */,
				CFD1DC8913B5D2F2008B9345 /* satou1.wav */,
				CFD1DC8A13B5D2F2008B9345 /* satou2.wav */,
				CFD1DB4C13B5AE0B008B9345 /* kimimaro_bg.png */,
				CFD1DB4D13B5AE0B008B9345 /* kimimaro_center.png */,
				CFD1DB4E13B5AE0B008B9345 /* mikuni_bg.png */,
				CFD1DB4F13B5AE0B008B9345 /* mikuni_center.png */,
				CFD1DCAB13B5D80F008B9345 /* satou_bg.png */,
				CFD1DCAC13B5D80F008B9345 /* satou_center.png */,
				280E754C0DD40C5E005A515E /* MainWindow.xib */,
				8D1107310486CEB800E47090 /* C_Anime-Info.plist */,
			);
			name = Resources;
			sourceTree = "<group>";
		};
		29B97323FDCFA39411CA2CEA /* Frameworks */ = {
			isa = PBXGroup;
			children = (
				1DF5F4DF0D08C38300B7A737 /* UIKit.framework */,
				1D30AB110D05D00D00671497 /* Foundation.framework */,
				288765580DF743DE002DB57D /* CoreGraphics.framework */,
				CFD1DBAD13B5B773008B9345 /* QuartzCore.framework */,
			);
			name = Frameworks;
			sourceTree = "<group>";
		};
/* End PBXGroup section */

/* Begin PBXNativeTarget section */
		1D6058900D05DD3D006BFB54 /* C_Anime */ = {
			isa = PBXNativeTarget;
			buildConfigurationList = 1D6058960D05DD3E006BFB54 /* Build configuration list for PBXNativeTarget "C_Anime" */;
			buildPhases = (
				1D60588D0D05DD3D006BFB54 /* Resources */,
				1D60588E0D05DD3D006BFB54 /* Sources */,
				1D60588F0D05DD3D006BFB54 /* Frameworks */,
			);
			buildRules = (
			);
			dependencies = (
			);
			name = C_Anime;
			productName = C_Anime;
			productReference = 1D6058910D05DD3D006BFB54 /* C_Anime.app */;
			productType = "com.apple.product-type.application";
		};
/* End PBXNativeTarget section */

/* Begin PBXProject section */
		29B97313FDCFA39411CA2CEA /* Project object */ = {
			isa = PBXProject;
			buildConfigurationList = C01FCF4E08A954540054247B /* Build configuration list for PBXProject "C_Anime" */;
			compatibilityVersion = "Xcode 3.2";
			developmentRegion = English;
			hasScannedForEncodings = 1;
			knownRegions = (
				English,
				Japanese,
				French,
				German,
				en,
			);
			mainGroup = 29B97314FDCFA39411CA2CEA /* CustomTemplate */;
			projectDirPath = "";
			projectRoot = "";
			targets = (
				1D6058900D05DD3D006BFB54 /* C_Anime */,
			);
		};
/* End PBXProject section */

/* Begin PBXResourcesBuildPhase section */
		1D60588D0D05DD3D006BFB54 /* Resources */ = {
			isa = PBXResourcesBuildPhase;
			buildActionMask = 2147483647;
			files = (
				280E754D0DD40C5E005A515E /* FlipsideView.xib in Resources */,
				280E754E0DD40C5E005A515E /* MainView.xib in Resources */,
				280E754F0DD40C5E005A515E /* MainWindow.xib in Resources */,
				CFD1DB5013B5AE0B008B9345 /* kimimaro_bg.png in Resources */,
				CFD1DB5113B5AE0B008B9345 /* kimimaro_center.png in Resources */,
				CFD1DB5213B5AE0B008B9345 /* mikuni_bg.png in Resources */,
				CFD1DB5313B5AE0B008B9345 /* mikuni_center.png in Resources */,
				CFD1DC7D13B5C1F2008B9345 /* kimimaro1.wav in Resources */,
				CFD1DC8B13B5D2F2008B9345 /* kimimaro2.wav in Resources */,
				CFD1DC8C13B5D2F2008B9345 /* kimimaro3.wav in Resources */,
				CFD1DC8D13B5D2F2008B9345 /* mikuni1.wav in Resources */,
				CFD1DC8E13B5D2F2008B9345 /* mikuni2.wav in Resources */,
				CFD1DC8F13B5D2F2008B9345 /* mikuni3.wav in Resources */,
				CFD1DC9013B5D2F2008B9345 /* mikuni4.wav in Resources */,
				CFD1DC9113B5D2F2008B9345 /* satou1.wav in Resources */,
				CFD1DC9213B5D2F2008B9345 /* satou2.wav in Resources */,
				CFD1DCAD13B5D80F008B9345 /* satou_bg.png in Resources */,
				CFD1DCAE13B5D80F008B9345 /* satou_center.png in Resources */,
			);
			runOnlyForDeploymentPostprocessing = 0;
		};
/* End PBXResourcesBuildPhase section */

/* Begin PBXSourcesBuildPhase section */
		1D60588E0D05DD3D006BFB54 /* Sources */ = {
			isa = PBXSourcesBuildPhase;
			buildActionMask = 2147483647;
			files = (
				1D60589B0D05DD56006BFB54 /* main.m in Sources */,
				1D3623260D0F684500981E51 /* C_AnimeAppDelegate.m in Sources */,
				289233AE0DB2D0DB0083E9F9 /* MainViewController.m in Sources */,
				289233B00DB2D0DB0083E9F9 /* FlipsideViewController.m in Sources */,
			);
			runOnlyForDeploymentPostprocessing = 0;
		};
/* End PBXSourcesBuildPhase section */

/* Begin XCBuildConfiguration section */
		1D6058940D05DD3E006BFB54 /* Debug */ = {
			isa = XCBuildConfiguration;
			buildSettings = {
				ALWAYS_SEARCH_USER_PATHS = NO;
				COPY_PHASE_STRIP = NO;
				GCC_DYNAMIC_NO_PIC = NO;
				GCC_OPTIMIZATION_LEVEL = 0;
				GCC_PRECOMPILE_PREFIX_HEADER = YES;
				GCC_PREFIX_HEADER = C_Anime_Prefix.pch;
				INFOPLIST_FILE = "C_Anime-Info.plist";
				PRODUCT_NAME = C_Anime;
			};
			name = Debug;
		};
		1D6058950D05DD3E006BFB54 /* Release */ = {
			isa = XCBuildConfiguration;
			buildSettings = {
				ALWAYS_SEARCH_USER_PATHS = NO;
				COPY_PHASE_STRIP = YES;
				GCC_PRECOMPILE_PREFIX_HEADER = YES;
				GCC_PREFIX_HEADER = C_Anime_Prefix.pch;
				INFOPLIST_FILE = "C_Anime-Info.plist";
				PRODUCT_NAME = C_Anime;
				VALIDATE_PRODUCT = YES;
			};
			name = Release;
		};
		C01FCF4F08A954540054247B /* Debug */ = {
			isa = XCBuildConfiguration;
			buildSettings = {
				ARCHS = "$(ARCHS_STANDARD_32_BIT)";
				"CODE_SIGN_IDENTITY[sdk=iphoneos*]" = "iPhone Developer";
				GCC_C_LANGUAGE_STANDARD = c99;
				GCC_WARN_ABOUT_RETURN_TYPE = YES;
				GCC_WARN_UNUSED_VARIABLE = YES;
				PREBINDING = NO;
				SDKROOT = iphoneos;
			};
			name = Debug;
		};
		C01FCF5008A954540054247B /* Release */ = {
			isa = XCBuildConfiguration;
			buildSettings = {
				ARCHS = "$(ARCHS_STANDARD_32_BIT)";
				"CODE_SIGN_IDENTITY[sdk=iphoneos*]" = "iPhone Developer";
				GCC_C_LANGUAGE_STANDARD = c99;
				GCC_WARN_ABOUT_RETURN_TYPE = YES;
				GCC_WARN_UNUSED_VARIABLE = YES;
				OTHER_CFLAGS = "-DNS_BLOCK_ASSERTIONS=1";
				PREBINDING = NO;
				SDKROOT = iphoneos;
			};
			name = Release;
		};
/* End XCBuildConfiguration section */

/* Begin XCConfigurationList section */
		1D6058960D05DD3E006BFB54 /* Build configuration list for PBXNativeTarget "C_Anime" */ = {
			isa = XCConfigurationList;
			buildConfigurations = (
				1D6058940D05DD3E006BFB54 /* Debug */,
				1D6058950D05DD3E006BFB54 /* Release */,
			);
			defaultConfigurationIsVisible = 0;
			defaultConfigurationName = Release;
		};
		C01FCF4E08A954540054247B /* Build configuration list for PBXProject "C_Anime" */ = {
			isa = XCConfigurationList;
			buildConfigurations = (
				C01FCF4F08A954540054247B /* Debug */,
				C01FCF5008A954540054247B /* Release */,
			);
			defaultConfigurationIsVisible = 0;
			defaultConfigurationName = Release;
		};
/* End XCConfigurationList section */
	};
	rootObject = 29B97313FDCFA39411CA2CEA /* Project object */;
}
